
Microsoft Visual Studio Solution File, Format Version 12.00
# Visual Studio 2012
Project("{FAE04EC0-301F-11D3-BF4B-00C04F79EFBC}") = "Gallery", "Gallery\Gallery.csproj", "{1215E0E3-9799-45E0-A179-2F8168DF72BE}"
EndProject
Global
	GlobalSection(SolutionConfigurationPlatforms) = preSolution
		Debug|Any CPU = Debug|Any CPU
		Release|Any CPU = Release|Any CPU
	EndGlobalSection
	GlobalSection(ProjectConfigurationPlatforms) = postSolution
		{1215E0E3-9799-45E0-A179-2F8168DF72BE}.Debug|Any CPU.ActiveCfg = Debug|Any CPU
		{1215E0E3-9799-45E0-A179-2F8168DF72BE}.Debug|Any CPU.Build.0 = Debug|Any CPU
		{1215E0E3-9799-45E0-A179-2F8168DF72BE}.Release|Any CPU.ActiveCfg = Release|Any CPU
		{1215E0E3-9799-45E0-A179-2F8168DF72BE}.Release|Any CPU.Build.0 = Release|Any CPU
	EndGlobalSection
	GlobalSection(SolutionProperties) = preSolution
		HideSolutionNode = FALSE
	EndGlobalSection
EndGlobal
